// !$*UTF8*$!
{
	archiveVersion = 1;
	classes = {
	};
	objectVersion = 50;
	objects = {

/* Begin PBXBuildFile section */
		3B02EF3B20C14840003FA982 /* AppDelegate.swift in Sources */ = {isa = PBXBuildFile; fileRef = 3B02EF3A20C14840003FA982 /* AppDelegate.swift */; };
		3B02EF4120C14840003FA982 /* GameScene.swift in Sources */ = {isa = PBXBuildFile; fileRef = 3B02EF4020C14840003FA982 /* GameScene.swift */; };
		3B02EF4320C14840003FA982 /* GameViewController.swift in Sources */ = {isa = PBXBuildFile; fileRef = 3B02EF4220C14840003FA982 /* GameViewController.swift */; };
		3B02EF4620C14840003FA982 /* Main.storyboard in Resources */ = {isa = PBXBuildFile; fileRef = 3B02EF4420C14840003FA982 /* Main.storyboard */; };
		3B02EF4820C14841003FA982 /* Assets.xcassets in Resources */ = {isa = PBXBuildFile; fileRef = 3B02EF4720C14841003FA982 /* Assets.xcassets */; };
		3B02EF4B20C14842003FA982 /* LaunchScreen.storyboard in Resources */ = {isa = PBXBuildFile; fileRef = 3B02EF4920C14842003FA982 /* LaunchScreen.storyboard */; };
		3B7BC73B20C6DEBB0022406B /* CatchBug.wav in Resources */ = {isa = PBXBuildFile; fileRef = 3B7BC73A20C6DEBB0022406B /* CatchBug.wav */; };
		3BB5576E20C1C9DD008FF865 /* Sprites.atlas in Resources */ = {isa = PBXBuildFile; fileRef = 3BB5576C20C1C9DC008FF865 /* Sprites.atlas */; };
		57DA756920D161DA00D56BED /* SoundManager.swift in Sources */ = {isa = PBXBuildFile; fileRef = 57DA756820D161DA00D56BED /* SoundManager.swift */; };
		57DA756C20D1627E00D56BED /* HUD.swift in Sources */ = {isa = PBXBuildFile; fileRef = 57DA756B20D1627E00D56BED /* HUD.swift */; };
		57DA756E20D1724600D56BED /* Bat.swift in Sources */ = {isa = PBXBuildFile; fileRef = 57DA756D20D1724600D56BED /* Bat.swift */; };
		57DA757020D1754000D56BED /* Walls.swift in Sources */ = {isa = PBXBuildFile; fileRef = 57DA756F20D1754000D56BED /* Walls.swift */; };
		57DA757420D1812200D56BED /* Constants.swift in Sources */ = {isa = PBXBuildFile; fileRef = 57DA757320D1812200D56BED /* Constants.swift */; };
		57DA757620D1812A00D56BED /* Utils.swift in Sources */ = {isa = PBXBuildFile; fileRef = 57DA757520D1812A00D56BED /* Utils.swift */; };
		57DA757820D188F300D56BED /* TextureManager.swift in Sources */ = {isa = PBXBuildFile; fileRef = 57DA757720D188F300D56BED /* TextureManager.swift */; };
		57DA757A20D18A7E00D56BED /* ParallaxBackground.swift in Sources */ = {isa = PBXBuildFile; fileRef = 57DA757920D18A7E00D56BED /* ParallaxBackground.swift */; };
		57DA757C20D1AA3900D56BED /* GameManager.swift in Sources */ = {isa = PBXBuildFile; fileRef = 57DA757B20D1AA3900D56BED /* GameManager.swift */; };
/* End PBXBuildFile section */

/* Begin PBXFileReference section */
		3B02EF3720C14840003FA982 /* AcroBat.app */ = {isa = PBXFileReference; explicitFileType = wrapper.application; includeInIndex = 0; path = AcroBat.app; sourceTree = BUILT_PRODUCTS_DIR; };
		3B02EF3A20C14840003FA982 /* AppDelegate.swift */ = {isa = PBXFileReference; lastKnownFileType = sourcecode.swift; path = AppDelegate.swift; sourceTree = "<group>"; };
		3B02EF4020C14840003FA982 /* GameScene.swift */ = {isa = PBXFileReference; lastKnownFileType = sourcecode.swift; path = GameScene.swift; sourceTree = "<group>"; };
		3B02EF4220C14840003FA982 /* GameViewController.swift */ = {isa = PBXFileReference; lastKnownFileType = sourcecode.swift; path = GameViewController.swift; sourceTree = "<group>"; };
		3B02EF4520C14840003FA982 /* Base */ = {isa = PBXFileReference; lastKnownFileType = file.storyboard; name = Base; path = Base.lproj/Main.storyboard; sourceTree = "<group>"; };
		3B02EF4720C14841003FA982 /* Assets.xcassets */ = {isa = PBXFileReference; lastKnownFileType = folder.assetcatalog; path = Assets.xcassets; sourceTree = "<group>"; };
		3B02EF4A20C14842003FA982 /* Base */ = {isa = PBXFileReference; lastKnownFileType = file.storyboard; name = Base; path = Base.lproj/LaunchScreen.storyboard; sourceTree = "<group>"; };
		3B02EF4C20C14842003FA982 /* Info.plist */ = {isa = PBXFileReference; lastKnownFileType = text.plist.xml; path = Info.plist; sourceTree = "<group>"; };
		3B7BC73A20C6DEBB0022406B /* CatchBug.wav */ = {isa = PBXFileReference; lastKnownFileType = audio.wav; path = CatchBug.wav; sourceTree = "<group>"; };
		3BB5576C20C1C9DC008FF865 /* Sprites.atlas */ = {isa = PBXFileReference; lastKnownFileType = folder.skatlas; path = Sprites.atlas; sourceTree = "<group>"; };
		57DA756820D161DA00D56BED /* SoundManager.swift */ = {isa = PBXFileReference; lastKnownFileType = sourcecode.swift; path = SoundManager.swift; sourceTree = "<group>"; };
		57DA756B20D1627E00D56BED /* HUD.swift */ = {isa = PBXFileReference; lastKnownFileType = sourcecode.swift; path = HUD.swift; sourceTree = "<group>"; };
		57DA756D20D1724600D56BED /* Bat.swift */ = {isa = PBXFileReference; lastKnownFileType = sourcecode.swift; path = Bat.swift; sourceTree = "<group>"; };
		57DA756F20D1754000D56BED /* Walls.swift */ = {isa = PBXFileReference; lastKnownFileType = sourcecode.swift; path = Walls.swift; sourceTree = "<group>"; };
		57DA757320D1812200D56BED /* Constants.swift */ = {isa = PBXFileReference; lastKnownFileType = sourcecode.swift; path = Constants.swift; sourceTree = "<group>"; };
		57DA757520D1812A00D56BED /* Utils.swift */ = {isa = PBXFileReference; lastKnownFileType = sourcecode.swift; path = Utils.swift; sourceTree = "<group>"; };
		57DA757720D188F300D56BED /* TextureManager.swift */ = {isa = PBXFileReference; lastKnownFileType = sourcecode.swift; path = TextureManager.swift; sourceTree = "<group>"; };
		57DA757920D18A7E00D56BED /* ParallaxBackground.swift */ = {isa = PBXFileReference; lastKnownFileType = sourcecode.swift; path = ParallaxBackground.swift; sourceTree = "<group>"; };
		57DA757B20D1AA3900D56BED /* GameManager.swift */ = {isa = PBXFileReference; lastKnownFileType = sourcecode.swift; path = GameManager.swift; sourceTree = "<group>"; };
/* End PBXFileReference section */

/* Begin PBXFrameworksBuildPhase section */
		3B02EF3420C14840003FA982 /* Frameworks */ = {
			isa = PBXFrameworksBuildPhase;
			buildActionMask = 2147483647;
			files = (
			);
			runOnlyForDeploymentPostprocessing = 0;
		};
/* End PBXFrameworksBuildPhase section */

/* Begin PBXGroup section */
		3B02EF2E20C14840003FA982 = {
			isa = PBXGroup;
			children = (
				3B02EF3920C14840003FA982 /* AcroBat */,
				3B02EF3820C14840003FA982 /* Products */,
				57FC545E20CE34E1006D128B /* Frameworks */,
			);
			sourceTree = "<group>";
		};
		3B02EF3820C14840003FA982 /* Products */ = {
			isa = PBXGroup;
			children = (
				3B02EF3720C14840003FA982 /* AcroBat.app */,
			);
			name = Products;
			sourceTree = "<group>";
		};
		3B02EF3920C14840003FA982 /* AcroBat */ = {
			isa = PBXGroup;
			children = (
				3B02EF3A20C14840003FA982 /* AppDelegate.swift */,
				3B02EF4C20C14842003FA982 /* Info.plist */,
				57AFD38F20C4D0D3009C25D5 /* Storyboards */,
				57AFD38E20C4CE70009C25D5 /* Resources */,
				57AFD38920C4C941009C25D5 /* Controllers */,
				57AFD38820C4C93A009C25D5 /* Scenes */,
				57DA756720D1602400D56BED /* Managers */,
				57DA756A20D1625700D56BED /* Nodes */,
				57DA757220D180DB00D56BED /* Helpers */,
			);
			path = AcroBat;
			sourceTree = "<group>";
		};
		57AFD38820C4C93A009C25D5 /* Scenes */ = {
			isa = PBXGroup;
			children = (
				3B02EF4020C14840003FA982 /* GameScene.swift */,
			);
			path = Scenes;
			sourceTree = "<group>";
		};
		57AFD38920C4C941009C25D5 /* Controllers */ = {
			isa = PBXGroup;
			children = (
				3B02EF4220C14840003FA982 /* GameViewController.swift */,
			);
			path = Controllers;
			sourceTree = "<group>";
		};
		57AFD38A20C4C9DD009C25D5 /* Sounds */ = {
			isa = PBXGroup;
			children = (
				3B7BC73A20C6DEBB0022406B /* CatchBug.wav */,
			);
			path = Sounds;
			sourceTree = "<group>";
		};
		57AFD38E20C4CE70009C25D5 /* Resources */ = {
			isa = PBXGroup;
			children = (
				3B02EF4720C14841003FA982 /* Assets.xcassets */,
				3BB5576C20C1C9DC008FF865 /* Sprites.atlas */,
				57AFD38A20C4C9DD009C25D5 /* Sounds */,
			);
			path = Resources;
			sourceTree = "<group>";
		};
		57AFD38F20C4D0D3009C25D5 /* Storyboards */ = {
			isa = PBXGroup;
			children = (
				3B02EF4920C14842003FA982 /* LaunchScreen.storyboard */,
				3B02EF4420C14840003FA982 /* Main.storyboard */,
			);
			path = Storyboards;
			sourceTree = "<group>";
		};
		57DA756720D1602400D56BED /* Managers */ = {
			isa = PBXGroup;
			children = (
				57DA757B20D1AA3900D56BED /* GameManager.swift */,
				57DA756820D161DA00D56BED /* SoundManager.swift */,
				57DA757720D188F300D56BED /* TextureManager.swift */,
			);
			path = Managers;
			sourceTree = "<group>";
		};
		57DA756A20D1625700D56BED /* Nodes */ = {
			isa = PBXGroup;
			children = (
				57DA756B20D1627E00D56BED /* HUD.swift */,
				57DA756D20D1724600D56BED /* Bat.swift */,
				57DA756F20D1754000D56BED /* Walls.swift */,
				57DA757920D18A7E00D56BED /* ParallaxBackground.swift */,
			);
			path = Nodes;
			sourceTree = "<group>";
		};
		57DA757220D180DB00D56BED /* Helpers */ = {
			isa = PBXGroup;
			children = (
				57DA757320D1812200D56BED /* Constants.swift */,
				57DA757520D1812A00D56BED /* Utils.swift */,
			);
			path = Helpers;
			sourceTree = "<group>";
		};
		57FC545E20CE34E1006D128B /* Frameworks */ = {
			isa = PBXGroup;
			children = (
			);
			name = Frameworks;
			sourceTree = "<group>";
		};
/* End PBXGroup section */

/* Begin PBXNativeTarget section */
		3B02EF3620C14840003FA982 /* AcroBat */ = {
			isa = PBXNativeTarget;
			buildConfigurationList = 3B02EF4F20C14842003FA982 /* Build configuration list for PBXNativeTarget "AcroBat" */;
			buildPhases = (
				3B02EF3320C14840003FA982 /* Sources */,
				3B02EF3420C14840003FA982 /* Frameworks */,
				3B02EF3520C14840003FA982 /* Resources */,
				572A205220C4A54F0083EC5E /* Tailor */,
			);
			buildRules = (
			);
			dependencies = (
			);
			name = AcroBat;
			productName = TheMalakaGame;
			productReference = 3B02EF3720C14840003FA982 /* AcroBat.app */;
			productType = "com.apple.product-type.application";
		};
/* End PBXNativeTarget section */

/* Begin PBXProject section */
		3B02EF2F20C14840003FA982 /* Project object */ = {
			isa = PBXProject;
			attributes = {
				LastSwiftUpdateCheck = 0940;
				LastUpgradeCheck = 0940;
				ORGANIZATIONNAME = "Daniele Franzutti";
				TargetAttributes = {
					3B02EF3620C14840003FA982 = {
						CreatedOnToolsVersion = 9.4;
					};
				};
			};
			buildConfigurationList = 3B02EF3220C14840003FA982 /* Build configuration list for PBXProject "AcroBat" */;
			compatibilityVersion = "Xcode 9.3";
			developmentRegion = en;
			hasScannedForEncodings = 0;
			knownRegions = (
				en,
				Base,
			);
			mainGroup = 3B02EF2E20C14840003FA982;
			productRefGroup = 3B02EF3820C14840003FA982 /* Products */;
			projectDirPath = "";
			projectRoot = "";
			targets = (
				3B02EF3620C14840003FA982 /* AcroBat */,
			);
		};
/* End PBXProject section */

/* Begin PBXResourcesBuildPhase section */
		3B02EF3520C14840003FA982 /* Resources */ = {
			isa = PBXResourcesBuildPhase;
			buildActionMask = 2147483647;
			files = (
				3BB5576E20C1C9DD008FF865 /* Sprites.atlas in Resources */,
				3B7BC73B20C6DEBB0022406B /* CatchBug.wav in Resources */,
				3B02EF4620C14840003FA982 /* Main.storyboard in Resources */,
				3B02EF4820C14841003FA982 /* Assets.xcassets in Resources */,
				3B02EF4B20C14842003FA982 /* LaunchScreen.storyboard in Resources */,
			);
			runOnlyForDeploymentPostprocessing = 0;
		};
/* End PBXResourcesBuildPhase section */

/* Begin PBXShellScriptBuildPhase section */
		572A205220C4A54F0083EC5E /* Tailor */ = {
			isa = PBXShellScriptBuildPhase;
			buildActionMask = 2147483647;
			files = (
			);
			inputPaths = (
			);
			name = Tailor;
			outputPaths = (
			);
			runOnlyForDeploymentPostprocessing = 0;
			shellPath = /bin/sh;
			shellScript = "if [ \"${CONFIGURATION}\" = \"Analyze\" ]; then\n    if hash tailor 2>/dev/null; then\n        tailor\n    else\n        echo \"warning: Please install Tailor from https://tailor.sh\"\n    fi\nfi";
		};
/* End PBXShellScriptBuildPhase section */

/* Begin PBXSourcesBuildPhase section */
		3B02EF3320C14840003FA982 /* Sources */ = {
			isa = PBXSourcesBuildPhase;
			buildActionMask = 2147483647;
			files = (
				57DA757020D1754000D56BED /* Walls.swift in Sources */,
				3B02EF4120C14840003FA982 /* GameScene.swift in Sources */,
				3B02EF4320C14840003FA982 /* GameViewController.swift in Sources */,
				57DA756C20D1627E00D56BED /* HUD.swift in Sources */,
				57DA757820D188F300D56BED /* TextureManager.swift in Sources */,
				57DA757620D1812A00D56BED /* Utils.swift in Sources */,
				57DA756E20D1724600D56BED /* Bat.swift in Sources */,
				3B02EF3B20C14840003FA982 /* AppDelegate.swift in Sources */,
				57DA756920D161DA00D56BED /* SoundManager.swift in Sources */,
				57DA757420D1812200D56BED /* Constants.swift in Sources */,
				57DA757A20D18A7E00D56BED /* ParallaxBackground.swift in Sources */,
				57DA757C20D1AA3900D56BED /* GameManager.swift in Sources */,
			);
			runOnlyForDeploymentPostprocessing = 0;
		};
/* End PBXSourcesBuildPhase section */

/* Begin PBXVariantGroup section */
		3B02EF4420C14840003FA982 /* Main.storyboard */ = {
			isa = PBXVariantGroup;
			children = (
				3B02EF4520C14840003FA982 /* Base */,
			);
			name = Main.storyboard;
			sourceTree = "<group>";
		};
		3B02EF4920C14842003FA982 /* LaunchScreen.storyboard */ = {
			isa = PBXVariantGroup;
			children = (
				3B02EF4A20C14842003FA982 /* Base */,
			);
			name = LaunchScreen.storyboard;
			sourceTree = "<group>";
		};
/* End PBXVariantGroup section */

/* Begin XCBuildConfiguration section */
		3B02EF4D20C14842003FA982 /* Debug */ = {
			isa = XCBuildConfiguration;
			buildSettings = {
				ALWAYS_SEARCH_USER_PATHS = NO;
				CLANG_ANALYZER_NONNULL = YES;
				CLANG_ANALYZER_NUMBER_OBJECT_CONVERSION = YES_AGGRESSIVE;
				CLANG_CXX_LANGUAGE_STANDARD = "gnu++14";
				CLANG_CXX_LIBRARY = "libc++";
				CLANG_ENABLE_MODULES = YES;
				CLANG_ENABLE_OBJC_ARC = YES;
				CLANG_ENABLE_OBJC_WEAK = YES;
				CLANG_WARN_BLOCK_CAPTURE_AUTORELEASING = YES;
				CLANG_WARN_BOOL_CONVERSION = YES;
				CLANG_WARN_COMMA = YES;
				CLANG_WARN_CONSTANT_CONVERSION = YES;
				CLANG_WARN_DEPRECATED_OBJC_IMPLEMENTATIONS = YES;
				CLANG_WARN_DIRECT_OBJC_ISA_USAGE = YES_ERROR;
				CLANG_WARN_DOCUMENTATION_COMMENTS = YES;
				CLANG_WARN_EMPTY_BODY = YES;
				CLANG_WARN_ENUM_CONVERSION = YES;
				CLANG_WARN_INFINITE_RECURSION = YES;
				CLANG_WARN_INT_CONVERSION = YES;
				CLANG_WARN_NON_LITERAL_NULL_CONVERSION = YES;
				CLANG_WARN_OBJC_IMPLICIT_RETAIN_SELF = YES;
				CLANG_WARN_OBJC_LITERAL_CONVERSION = YES;
				CLANG_WARN_OBJC_ROOT_CLASS = YES_ERROR;
				CLANG_WARN_RANGE_LOOP_ANALYSIS = YES;
				CLANG_WARN_STRICT_PROTOTYPES = YES;
				CLANG_WARN_SUSPICIOUS_MOVE = YES;
				CLANG_WARN_UNGUARDED_AVAILABILITY = YES_AGGRESSIVE;
				CLANG_WARN_UNREACHABLE_CODE = YES;
				CLANG_WARN__DUPLICATE_METHOD_MATCH = YES;
				CODE_SIGN_IDENTITY = "iPhone Developer";
				COPY_PHASE_STRIP = NO;
				DEBUG_INFORMATION_FORMAT = dwarf;
				ENABLE_STRICT_OBJC_MSGSEND = YES;
				ENABLE_TESTABILITY = YES;
				GCC_C_LANGUAGE_STANDARD = gnu11;
				GCC_DYNAMIC_NO_PIC = NO;
				GCC_NO_COMMON_BLOCKS = YES;
				GCC_OPTIMIZATION_LEVEL = 0;
				GCC_PREPROCESSOR_DEFINITIONS = (
					"DEBUG=1",
					"$(inherited)",
				);
				GCC_WARN_64_TO_32_BIT_CONVERSION = YES;
				GCC_WARN_ABOUT_RETURN_TYPE = YES_ERROR;
				GCC_WARN_UNDECLARED_SELECTOR = YES;
				GCC_WARN_UNINITIALIZED_AUTOS = YES_AGGRESSIVE;
				GCC_WARN_UNUSED_FUNCTION = YES;
				GCC_WARN_UNUSED_VARIABLE = YES;
				IPHONEOS_DEPLOYMENT_TARGET = 11.0;
				MTL_ENABLE_DEBUG_INFO = YES;
				ONLY_ACTIVE_ARCH = YES;
				SDKROOT = iphoneos;
				SWIFT_ACTIVE_COMPILATION_CONDITIONS = DEBUG;
				SWIFT_OPTIMIZATION_LEVEL = "-Onone";
			};
			name = Debug;
		};
		3B02EF4E20C14842003FA982 /* Release */ = {
			isa = XCBuildConfiguration;
			buildSettings = {
				ALWAYS_SEARCH_USER_PATHS = NO;
				CLANG_ANALYZER_NONNULL = YES;
				CLANG_ANALYZER_NUMBER_OBJECT_CONVERSION = YES_AGGRESSIVE;
				CLANG_CXX_LANGUAGE_STANDARD = "gnu++14";
				CLANG_CXX_LIBRARY = "libc++";
				CLANG_ENABLE_MODULES = YES;
				CLANG_ENABLE_OBJC_ARC = YES;
				CLANG_ENABLE_OBJC_WEAK = YES;
				CLANG_WARN_BLOCK_CAPTURE_AUTORELEASING = YES;
				CLANG_WARN_BOOL_CONVERSION = YES;
				CLANG_WARN_COMMA = YES;
				CLANG_WARN_CONSTANT_CONVERSION = YES;
				CLANG_WARN_DEPRECATED_OBJC_IMPLEMENTATIONS = YES;
				CLANG_WARN_DIRECT_OBJC_ISA_USAGE = YES_ERROR;
				CLANG_WARN_DOCUMENTATION_COMMENTS = YES;
				CLANG_WARN_EMPTY_BODY = YES;
				CLANG_WARN_ENUM_CONVERSION = YES;
				CLANG_WARN_INFINITE_RECURSION = YES;
				CLANG_WARN_INT_CONVERSION = YES;
				CLANG_WARN_NON_LITERAL_NULL_CONVERSION = YES;
				CLANG_WARN_OBJC_IMPLICIT_RETAIN_SELF = YES;
				CLANG_WARN_OBJC_LITERAL_CONVERSION = YES;
				CLANG_WARN_OBJC_ROOT_CLASS = YES_ERROR;
				CLANG_WARN_RANGE_LOOP_ANALYSIS = YES;
				CLANG_WARN_STRICT_PROTOTYPES = YES;
				CLANG_WARN_SUSPICIOUS_MOVE = YES;
				CLANG_WARN_UNGUARDED_AVAILABILITY = YES_AGGRESSIVE;
				CLANG_WARN_UNREACHABLE_CODE = YES;
				CLANG_WARN__DUPLICATE_METHOD_MATCH = YES;
				CODE_SIGN_IDENTITY = "iPhone Developer";
				COPY_PHASE_STRIP = NO;
				DEBUG_INFORMATION_FORMAT = "dwarf-with-dsym";
				ENABLE_NS_ASSERTIONS = NO;
				ENABLE_STRICT_OBJC_MSGSEND = YES;
				GCC_C_LANGUAGE_STANDARD = gnu11;
				GCC_NO_COMMON_BLOCKS = YES;
				GCC_WARN_64_TO_32_BIT_CONVERSION = YES;
				GCC_WARN_ABOUT_RETURN_TYPE = YES_ERROR;
				GCC_WARN_UNDECLARED_SELECTOR = YES;
				GCC_WARN_UNINITIALIZED_AUTOS = YES_AGGRESSIVE;
				GCC_WARN_UNUSED_FUNCTION = YES;
				GCC_WARN_UNUSED_VARIABLE = YES;
				IPHONEOS_DEPLOYMENT_TARGET = 11.0;
				MTL_ENABLE_DEBUG_INFO = NO;
				SDKROOT = iphoneos;
				SWIFT_COMPILATION_MODE = wholemodule;
				SWIFT_OPTIMIZATION_LEVEL = "-O";
				VALIDATE_PRODUCT = YES;
			};
			name = Release;
		};
		3B02EF5020C14842003FA982 /* Debug */ = {
			isa = XCBuildConfiguration;
			buildSettings = {
				ASSETCATALOG_COMPILER_APPICON_NAME = AppIcon;
				CODE_SIGN_STYLE = Automatic;
				DEVELOPMENT_TEAM = 7TWTFR49CJ;
				FRAMEWORK_SEARCH_PATHS = "$(inherited)";
				INFOPLIST_FILE = "$(SRCROOT)/AcroBat/Info.plist";
				IPHONEOS_DEPLOYMENT_TARGET = 11.0;
				LD_RUNPATH_SEARCH_PATHS = (
					"$(inherited)",
					"@executable_path/Frameworks",
				);
				PRODUCT_BUNDLE_IDENTIFIER = com.malakas.acrobat;
				PRODUCT_NAME = "$(TARGET_NAME)";
				SWIFT_VERSION = 4.0;
				TARGETED_DEVICE_FAMILY = "1,2";
			};
			name = Debug;
		};
		3B02EF5120C14842003FA982 /* Release */ = {
			isa = XCBuildConfiguration;
			buildSettings = {
				ASSETCATALOG_COMPILER_APPICON_NAME = AppIcon;
				CODE_SIGN_STYLE = Automatic;
				DEVELOPMENT_TEAM = 7TWTFR49CJ;
				FRAMEWORK_SEARCH_PATHS = "$(inherited)";
				INFOPLIST_FILE = "$(SRCROOT)/AcroBat/Info.plist";
				IPHONEOS_DEPLOYMENT_TARGET = 11.0;
				LD_RUNPATH_SEARCH_PATHS = (
					"$(inherited)",
					"@executable_path/Frameworks",
				);
				PRODUCT_BUNDLE_IDENTIFIER = com.malakas.acrobat;
				PRODUCT_NAME = "$(TARGET_NAME)";
				SWIFT_VERSION = 4.0;
				TARGETED_DEVICE_FAMILY = "1,2";
			};
			name = Release;
		};
		57F0F6BF20C4954E00EC6BEB /* Analize */ = {
			isa = XCBuildConfiguration;
			buildSettings = {
				ALWAYS_SEARCH_USER_PATHS = NO;
				CLANG_ANALYZER_NONNULL = YES;
				CLANG_ANALYZER_NUMBER_OBJECT_CONVERSION = YES_AGGRESSIVE;
				CLANG_CXX_LANGUAGE_STANDARD = "gnu++14";
				CLANG_CXX_LIBRARY = "libc++";
				CLANG_ENABLE_MODULES = YES;
				CLANG_ENABLE_OBJC_ARC = YES;
				CLANG_ENABLE_OBJC_WEAK = YES;
				CLANG_WARN_BLOCK_CAPTURE_AUTORELEASING = YES;
				CLANG_WARN_BOOL_CONVERSION = YES;
				CLANG_WARN_COMMA = YES;
				CLANG_WARN_CONSTANT_CONVERSION = YES;
				CLANG_WARN_DEPRECATED_OBJC_IMPLEMENTATIONS = YES;
				CLANG_WARN_DIRECT_OBJC_ISA_USAGE = YES_ERROR;
				CLANG_WARN_DOCUMENTATION_COMMENTS = YES;
				CLANG_WARN_EMPTY_BODY = YES;
				CLANG_WARN_ENUM_CONVERSION = YES;
				CLANG_WARN_INFINITE_RECURSION = YES;
				CLANG_WARN_INT_CONVERSION = YES;
				CLANG_WARN_NON_LITERAL_NULL_CONVERSION = YES;
				CLANG_WARN_OBJC_IMPLICIT_RETAIN_SELF = YES;
				CLANG_WARN_OBJC_LITERAL_CONVERSION = YES;
				CLANG_WARN_OBJC_ROOT_CLASS = YES_ERROR;
				CLANG_WARN_RANGE_LOOP_ANALYSIS = YES;
				CLANG_WARN_STRICT_PROTOTYPES = YES;
				CLANG_WARN_SUSPICIOUS_MOVE = YES;
				CLANG_WARN_UNGUARDED_AVAILABILITY = YES_AGGRESSIVE;
				CLANG_WARN_UNREACHABLE_CODE = YES;
				CLANG_WARN__DUPLICATE_METHOD_MATCH = YES;
				CODE_SIGN_IDENTITY = "iPhone Developer";
				COPY_PHASE_STRIP = NO;
				DEBUG_INFORMATION_FORMAT = dwarf;
				ENABLE_STRICT_OBJC_MSGSEND = YES;
				ENABLE_TESTABILITY = YES;
				GCC_C_LANGUAGE_STANDARD = gnu11;
				GCC_DYNAMIC_NO_PIC = NO;
				GCC_NO_COMMON_BLOCKS = YES;
				GCC_OPTIMIZATION_LEVEL = 0;
				GCC_PREPROCESSOR_DEFINITIONS = (
					"DEBUG=1",
					"$(inherited)",
				);
				GCC_WARN_64_TO_32_BIT_CONVERSION = YES;
				GCC_WARN_ABOUT_RETURN_TYPE = YES_ERROR;
				GCC_WARN_UNDECLARED_SELECTOR = YES;
				GCC_WARN_UNINITIALIZED_AUTOS = YES_AGGRESSIVE;
				GCC_WARN_UNUSED_FUNCTION = YES;
				GCC_WARN_UNUSED_VARIABLE = YES;
				IPHONEOS_DEPLOYMENT_TARGET = 11.0;
				MTL_ENABLE_DEBUG_INFO = YES;
				ONLY_ACTIVE_ARCH = YES;
				SDKROOT = iphoneos;
				SWIFT_ACTIVE_COMPILATION_CONDITIONS = DEBUG;
				SWIFT_OPTIMIZATION_LEVEL = "-Onone";
			};
			name = Analize;
		};
		57F0F6C020C4954E00EC6BEB /* Analize */ = {
			isa = XCBuildConfiguration;
			buildSettings = {
				ASSETCATALOG_COMPILER_APPICON_NAME = AppIcon;
				CODE_SIGN_STYLE = Automatic;
				DEVELOPMENT_TEAM = 7TWTFR49CJ;
				FRAMEWORK_SEARCH_PATHS = "$(inherited)";
				INFOPLIST_FILE = "$(SRCROOT)/AcroBat/Info.plist";
				IPHONEOS_DEPLOYMENT_TARGET = 11.0;
				LD_RUNPATH_SEARCH_PATHS = (
					"$(inherited)",
					"@executable_path/Frameworks",
				);
				PRODUCT_BUNDLE_IDENTIFIER = com.malakas.acrobat;
				PRODUCT_NAME = "$(TARGET_NAME)";
				SWIFT_VERSION = 4.0;
				TARGETED_DEVICE_FAMILY = "1,2";
			};
			name = Analize;
		};
/* End XCBuildConfiguration section */

/* Begin XCConfigurationList section */
		3B02EF3220C14840003FA982 /* Build configuration list for PBXProject "AcroBat" */ = {
			isa = XCConfigurationList;
			buildConfigurations = (
				3B02EF4D20C14842003FA982 /* Debug */,
				57F0F6BF20C4954E00EC6BEB /* Analize */,
				3B02EF4E20C14842003FA982 /* Release */,
			);
			defaultConfigurationIsVisible = 0;
			defaultConfigurationName = Debug;
		};
		3B02EF4F20C14842003FA982 /* Build configuration list for PBXNativeTarget "AcroBat" */ = {
			isa = XCConfigurationList;
			buildConfigurations = (
				3B02EF5020C14842003FA982 /* Debug */,
				57F0F6C020C4954E00EC6BEB /* Analize */,
				3B02EF5120C14842003FA982 /* Release */,
			);
			defaultConfigurationIsVisible = 0;
			defaultConfigurationName = Debug;
		};
/* End XCConfigurationList section */
	};
	rootObject = 3B02EF2F20C14840003FA982 /* Project object */;
}
